// !$*UTF8*$!
{
	archiveVersion = 1;
	classes = {
	};
	objectVersion = 50;
	objects = {

/* Begin PBXBuildFile section */
		D43A251020CFDB2C00296510 /* AppDelegate.swift in Sources */ = {isa = PBXBuildFile; fileRef = D43A250F20CFDB2C00296510 /* AppDelegate.swift */; };
		D43A251220CFDB2C00296510 /* ViewController.swift in Sources */ = {isa = PBXBuildFile; fileRef = D43A251120CFDB2C00296510 /* ViewController.swift */; };
		D43A251520CFDB2C00296510 /* Main.storyboard in Resources */ = {isa = PBXBuildFile; fileRef = D43A251320CFDB2C00296510 /* Main.storyboard */; };
		D43A251720CFDB2D00296510 /* Assets.xcassets in Resources */ = {isa = PBXBuildFile; fileRef = D43A251620CFDB2D00296510 /* Assets.xcassets */; };
		D43A251A20CFDB2D00296510 /* LaunchScreen.storyboard in Resources */ = {isa = PBXBuildFile; fileRef = D43A251820CFDB2D00296510 /* LaunchScreen.storyboard */; };
		D43A252520CFDB2D00296510 /* CoreMLTutorialTests.swift in Sources */ = {isa = PBXBuildFile; fileRef = D43A252420CFDB2D00296510 /* CoreMLTutorialTests.swift */; };
		D43A253020CFDB2D00296510 /* CoreMLTutorialUITests.swift in Sources */ = {isa = PBXBuildFile; fileRef = D43A252F20CFDB2D00296510 /* CoreMLTutorialUITests.swift */; };
		D43A254120CFDC0900296510 /* ClassificationService.swift in Sources */ = {isa = PBXBuildFile; fileRef = D43A254020CFDC0900296510 /* ClassificationService.swift */; };
		D49B832020E6132A00EA3242 /* instruments.mlmodel in Sources */ = {isa = PBXBuildFile; fileRef = D49B831F20E6132A00EA3242 /* instruments.mlmodel */; };
/* End PBXBuildFile section */

/* Begin PBXContainerItemProxy section */
		D43A252120CFDB2D00296510 /* PBXContainerItemProxy */ = {
			isa = PBXContainerItemProxy;
			containerPortal = D43A250420CFDB2C00296510 /* Project object */;
			proxyType = 1;
			remoteGlobalIDString = D43A250B20CFDB2C00296510;
			remoteInfo = CoreMLTutorial;
		};
		D43A252C20CFDB2D00296510 /* PBXContainerItemProxy */ = {
			isa = PBXContainerItemProxy;
			containerPortal = D43A250420CFDB2C00296510 /* Project object */;
			proxyType = 1;
			remoteGlobalIDString = D43A250B20CFDB2C00296510;
			remoteInfo = CoreMLTutorial;
		};
/* End PBXContainerItemProxy section */

/* Begin PBXFileReference section */
		D43A250C20CFDB2C00296510 /* CoreMLTutorial.app */ = {isa = PBXFileReference; explicitFileType = wrapper.application; includeInIndex = 0; path = CoreMLTutorial.app; sourceTree = BUILT_PRODUCTS_DIR; };
		D43A250F20CFDB2C00296510 /* AppDelegate.swift */ = {isa = PBXFileReference; lastKnownFileType = sourcecode.swift; path = AppDelegate.swift; sourceTree = "<group>"; };
		D43A251120CFDB2C00296510 /* ViewController.swift */ = {isa = PBXFileReference; lastKnownFileType = sourcecode.swift; path = ViewController.swift; sourceTree = "<group>"; };
		D43A251420CFDB2C00296510 /* Base */ = {isa = PBXFileReference; lastKnownFileType = file.storyboard; name = Base; path = Base.lproj/Main.storyboard; sourceTree = "<group>"; };
		D43A251620CFDB2D00296510 /* Assets.xcassets */ = {isa = PBXFileReference; lastKnownFileType = folder.assetcatalog; path = Assets.xcassets; sourceTree = "<group>"; };
		D43A251920CFDB2D00296510 /* Base */ = {isa = PBXFileReference; lastKnownFileType = file.storyboard; name = Base; path = Base.lproj/LaunchScreen.storyboard; sourceTree = "<group>"; };
		D43A251B20CFDB2D00296510 /* Info.plist */ = {isa = PBXFileReference; lastKnownFileType = text.plist.xml; path = Info.plist; sourceTree = "<group>"; };
		D43A252020CFDB2D00296510 /* CoreMLTutorialTests.xctest */ = {isa = PBXFileReference; explicitFileType = wrapper.cfbundle; includeInIndex = 0; path = CoreMLTutorialTests.xctest; sourceTree = BUILT_PRODUCTS_DIR; };
		D43A252420CFDB2D00296510 /* CoreMLTutorialTests.swift */ = {isa = PBXFileReference; lastKnownFileType = sourcecode.swift; path = CoreMLTutorialTests.swift; sourceTree = "<group>"; };
		D43A252620CFDB2D00296510 /* Info.plist */ = {isa = PBXFileReference; lastKnownFileType = text.plist.xml; path = Info.plist; sourceTree = "<group>"; };
		D43A252B20CFDB2D00296510 /* CoreMLTutorialUITests.xctest */ = {isa = PBXFileReference; explicitFileType = wrapper.cfbundle; includeInIndex = 0; path = CoreMLTutorialUITests.xctest; sourceTree = BUILT_PRODUCTS_DIR; };
		D43A252F20CFDB2D00296510 /* CoreMLTutorialUITests.swift */ = {isa = PBXFileReference; lastKnownFileType = sourcecode.swift; path = CoreMLTutorialUITests.swift; sourceTree = "<group>"; };
		D43A253120CFDB2D00296510 /* Info.plist */ = {isa = PBXFileReference; lastKnownFileType = text.plist.xml; path = Info.plist; sourceTree = "<group>"; };
		D43A254020CFDC0900296510 /* ClassificationService.swift */ = {isa = PBXFileReference; lastKnownFileType = sourcecode.swift; path = ClassificationService.swift; sourceTree = "<group>"; };
		D49B831F20E6132A00EA3242 /* instruments.mlmodel */ = {isa = PBXFileReference; lastKnownFileType = file.mlmodel; path = instruments.mlmodel; sourceTree = "<group>"; };
/* End PBXFileReference section */

/* Begin PBXFrameworksBuildPhase section */
		D43A250920CFDB2C00296510 /* Frameworks */ = {
			isa = PBXFrameworksBuildPhase;
			buildActionMask = 2147483647;
			files = (
			);
			runOnlyForDeploymentPostprocessing = 0;
		};
		D43A251D20CFDB2D00296510 /* Frameworks */ = {
			isa = PBXFrameworksBuildPhase;
			buildActionMask = 2147483647;
			files = (
			);
			runOnlyForDeploymentPostprocessing = 0;
		};
		D43A252820CFDB2D00296510 /* Frameworks */ = {
			isa = PBXFrameworksBuildPhase;
			buildActionMask = 2147483647;
			files = (
			);
			runOnlyForDeploymentPostprocessing = 0;
		};
/* End PBXFrameworksBuildPhase section */

/* Begin PBXGroup section */
		D43A250320CFDB2C00296510 = {
			isa = PBXGroup;
			children = (
				D43A250E20CFDB2C00296510 /* CoreMLTutorial */,
				D43A252320CFDB2D00296510 /* CoreMLTutorialTests */,
				D43A252E20CFDB2D00296510 /* CoreMLTutorialUITests */,
				D43A250D20CFDB2C00296510 /* Products */,
			);
			sourceTree = "<group>";
		};
		D43A250D20CFDB2C00296510 /* Products */ = {
			isa = PBXGroup;
			children = (
				D43A250C20CFDB2C00296510 /* CoreMLTutorial.app */,
				D43A252020CFDB2D00296510 /* CoreMLTutorialTests.xctest */,
				D43A252B20CFDB2D00296510 /* CoreMLTutorialUITests.xctest */,
			);
			name = Products;
			sourceTree = "<group>";
		};
		D43A250E20CFDB2C00296510 /* CoreMLTutorial */ = {
			isa = PBXGroup;
			children = (
				D43A253D20CFDB5A00296510 /* Resources */,
				D43A250F20CFDB2C00296510 /* AppDelegate.swift */,
				D43A251120CFDB2C00296510 /* ViewController.swift */,
				D43A251320CFDB2C00296510 /* Main.storyboard */,
				D43A251620CFDB2D00296510 /* Assets.xcassets */,
				D43A251820CFDB2D00296510 /* LaunchScreen.storyboard */,
				D43A251B20CFDB2D00296510 /* Info.plist */,
				D43A254020CFDC0900296510 /* ClassificationService.swift */,
			);
			path = CoreMLTutorial;
			sourceTree = "<group>";
		};
		D43A252320CFDB2D00296510 /* CoreMLTutorialTests */ = {
			isa = PBXGroup;
			children = (
				D43A252420CFDB2D00296510 /* CoreMLTutorialTests.swift */,
				D43A252620CFDB2D00296510 /* Info.plist */,
			);
			path = CoreMLTutorialTests;
			sourceTree = "<group>";
		};
		D43A252E20CFDB2D00296510 /* CoreMLTutorialUITests */ = {
			isa = PBXGroup;
			children = (
				D43A252F20CFDB2D00296510 /* CoreMLTutorialUITests.swift */,
				D43A253120CFDB2D00296510 /* Info.plist */,
			);
			path = CoreMLTutorialUITests;
			sourceTree = "<group>";
		};
		D43A253D20CFDB5A00296510 /* Resources */ = {
			isa = PBXGroup;
			children = (
				D49B831F20E6132A00EA3242 /* instruments.mlmodel */,
			);
			path = Resources;
			sourceTree = "<group>";
		};
/* End PBXGroup section */

/* Begin PBXNativeTarget section */
		D43A250B20CFDB2C00296510 /* CoreMLTutorial */ = {
			isa = PBXNativeTarget;
			buildConfigurationList = D43A253420CFDB2D00296510 /* Build configuration list for PBXNativeTarget "CoreMLTutorial" */;
			buildPhases = (
				D43A250820CFDB2C00296510 /* Sources */,
				D43A250920CFDB2C00296510 /* Frameworks */,
				D43A250A20CFDB2C00296510 /* Resources */,
			);
			buildRules = (
			);
			dependencies = (
			);
			name = CoreMLTutorial;
			productName = CoreMLTutorial;
			productReference = D43A250C20CFDB2C00296510 /* CoreMLTutorial.app */;
			productType = "com.apple.product-type.application";
		};
		D43A251F20CFDB2D00296510 /* CoreMLTutorialTests */ = {
			isa = PBXNativeTarget;
			buildConfigurationList = D43A253720CFDB2D00296510 /* Build configuration list for PBXNativeTarget "CoreMLTutorialTests" */;
			buildPhases = (
				D43A251C20CFDB2D00296510 /* Sources */,
				D43A251D20CFDB2D00296510 /* Frameworks */,
				D43A251E20CFDB2D00296510 /* Resources */,
			);
			buildRules = (
			);
			dependencies = (
				D43A252220CFDB2D00296510 /* PBXTargetDependency */,
			);
			name = CoreMLTutorialTests;
			productName = CoreMLTutorialTests;
			productReference = D43A252020CFDB2D00296510 /* CoreMLTutorialTests.xctest */;
			productType = "com.apple.product-type.bundle.unit-test";
		};
		D43A252A20CFDB2D00296510 /* CoreMLTutorialUITests */ = {
			isa = PBXNativeTarget;
			buildConfigurationList = D43A253A20CFDB2D00296510 /* Build configuration list for PBXNativeTarget "CoreMLTutorialUITests" */;
			buildPhases = (
				D43A252720CFDB2D00296510 /* Sources */,
				D43A252820CFDB2D00296510 /* Frameworks */,
				D43A252920CFDB2D00296510 /* Resources */,
			);
			buildRules = (
			);
			dependencies = (
				D43A252D20CFDB2D00296510 /* PBXTargetDependency */,
			);
			name = CoreMLTutorialUITests;
			productName = CoreMLTutorialUITests;
			productReference = D43A252B20CFDB2D00296510 /* CoreMLTutorialUITests.xctest */;
			productType = "com.apple.product-type.bundle.ui-testing";
		};
/* End PBXNativeTarget section */

/* Begin PBXProject section */
		D43A250420CFDB2C00296510 /* Project object */ = {
			isa = PBXProject;
			attributes = {
				LastSwiftUpdateCheck = 0940;
				LastUpgradeCheck = 0940;
				ORGANIZATIONNAME = fozoglu;
				TargetAttributes = {
					D43A250B20CFDB2C00296510 = {
						CreatedOnToolsVersion = 9.4;
					};
					D43A251F20CFDB2D00296510 = {
						CreatedOnToolsVersion = 9.4;
						TestTargetID = D43A250B20CFDB2C00296510;
					};
					D43A252A20CFDB2D00296510 = {
						CreatedOnToolsVersion = 9.4;
						TestTargetID = D43A250B20CFDB2C00296510;
					};
				};
			};
			buildConfigurationList = D43A250720CFDB2C00296510 /* Build configuration list for PBXProject "CoreMLTutorial" */;
			compatibilityVersion = "Xcode 9.3";
			developmentRegion = en;
			hasScannedForEncodings = 0;
			knownRegions = (
				en,
				Base,
			);
			mainGroup = D43A250320CFDB2C00296510;
			productRefGroup = D43A250D20CFDB2C00296510 /* Products */;
			projectDirPath = "";
			projectRoot = "";
			targets = (
				D43A250B20CFDB2C00296510 /* CoreMLTutorial */,
				D43A251F20CFDB2D00296510 /* CoreMLTutorialTests */,
				D43A252A20CFDB2D00296510 /* CoreMLTutorialUITests */,
			);
		};
/* End PBXProject section */

/* Begin PBXResourcesBuildPhase section */
		D43A250A20CFDB2C00296510 /* Resources */ = {
			isa = PBXResourcesBuildPhase;
			buildActionMask = 2147483647;
			files = (
				D43A251A20CFDB2D00296510 /* LaunchScreen.storyboard in Resources */,
				D43A251720CFDB2D00296510 /* Assets.xcassets in Resources */,
				D43A251520CFDB2C00296510 /* Main.storyboard in Resources */,
			);
			runOnlyForDeploymentPostprocessing = 0;
		};
		D43A251E20CFDB2D00296510 /* Resources */ = {
			isa = PBXResourcesBuildPhase;
			buildActionMask = 2147483647;
			files = (
			);
			runOnlyForDeploymentPostprocessing = 0;
		};
		D43A252920CFDB2D00296510 /* Resources */ = {
			isa = PBXResourcesBuildPhase;
			buildActionMask = 2147483647;
			files = (
			);
			runOnlyForDeploymentPostprocessing = 0;
		};
/* End PBXResourcesBuildPhase section */

/* Begin PBXSourcesBuildPhase section */
		D43A250820CFDB2C00296510 /* Sources */ = {
			isa = PBXSourcesBuildPhase;
			buildActionMask = 2147483647;
			files = (
				D43A251220CFDB2C00296510 /* ViewController.swift in Sources */,
				D43A251020CFDB2C00296510 /* AppDelegate.swift in Sources */,
				D43A254120CFDC0900296510 /* ClassificationService.swift in Sources */,
				D49B832020E6132A00EA3242 /* instruments.mlmodel in Sources */,
			);
			runOnlyForDeploymentPostprocessing = 0;
		};
		D43A251C20CFDB2D00296510 /* Sources */ = {
			isa = PBXSourcesBuildPhase;
			buildActionMask = 2147483647;
			files = (
				D43A252520CFDB2D00296510 /* CoreMLTutorialTests.swift in Sources */,
			);
			runOnlyForDeploymentPostprocessing = 0;
		};
		D43A252720CFDB2D00296510 /* Sources */ = {
			isa = PBXSourcesBuildPhase;
			buildActionMask = 2147483647;
			files = (
				D43A253020CFDB2D00296510 /* CoreMLTutorialUITests.swift in Sources */,
			);
			runOnlyForDeploymentPostprocessing = 0;
		};
/* End PBXSourcesBuildPhase section */

/* Begin PBXTargetDependency section */
		D43A252220CFDB2D00296510 /* PBXTargetDependency */ = {
			isa = PBXTargetDependency;
			target = D43A250B20CFDB2C00296510 /* CoreMLTutorial */;
			targetProxy = D43A252120CFDB2D00296510 /* PBXContainerItemProxy */;
		};
		D43A252D20CFDB2D00296510 /* PBXTargetDependency */ = {
			isa = PBXTargetDependency;
			target = D43A250B20CFDB2C00296510 /* CoreMLTutorial */;
			targetProxy = D43A252C20CFDB2D00296510 /* PBXContainerItemProxy */;
		};
/* End PBXTargetDependency section */

/* Begin PBXVariantGroup section */
		D43A251320CFDB2C00296510 /* Main.storyboard */ = {
			isa = PBXVariantGroup;
			children = (
				D43A251420CFDB2C00296510 /* Base */,
			);
			name = Main.storyboard;
			sourceTree = "<group>";
		};
		D43A251820CFDB2D00296510 /* LaunchScreen.storyboard */ = {
			isa = PBXVariantGroup;
			children = (
				D43A251920CFDB2D00296510 /* Base */,
			);
			name = LaunchScreen.storyboard;
			sourceTree = "<group>";
		};
/* End PBXVariantGroup section */

/* Begin XCBuildConfiguration section */
		D43A253220CFDB2D00296510 /* Debug */ = {
			isa = XCBuildConfiguration;
			buildSettings = {
				ALWAYS_SEARCH_USER_PATHS = NO;
				CLANG_ANALYZER_NONNULL = YES;
				CLANG_ANALYZER_NUMBER_OBJECT_CONVERSION = YES_AGGRESSIVE;
				CLANG_CXX_LANGUAGE_STANDARD = "gnu++14";
				CLANG_CXX_LIBRARY = "libc++";
				CLANG_ENABLE_MODULES = YES;
				CLANG_ENABLE_OBJC_ARC = YES;
				CLANG_ENABLE_OBJC_WEAK = YES;
				CLANG_WARN_BLOCK_CAPTURE_AUTORELEASING = YES;
				CLANG_WARN_BOOL_CONVERSION = YES;
				CLANG_WARN_COMMA = YES;
				CLANG_WARN_CONSTANT_CONVERSION = YES;
				CLANG_WARN_DEPRECATED_OBJC_IMPLEMENTATIONS = YES;
				CLANG_WARN_DIRECT_OBJC_ISA_USAGE = YES_ERROR;
				CLANG_WARN_DOCUMENTATION_COMMENTS = YES;
				CLANG_WARN_EMPTY_BODY = YES;
				CLANG_WARN_ENUM_CONVERSION = YES;
				CLANG_WARN_INFINITE_RECURSION = YES;
				CLANG_WARN_INT_CONVERSION = YES;
				CLANG_WARN_NON_LITERAL_NULL_CONVERSION = YES;
				CLANG_WARN_OBJC_IMPLICIT_RETAIN_SELF = YES;
				CLANG_WARN_OBJC_LITERAL_CONVERSION = YES;
				CLANG_WARN_OBJC_ROOT_CLASS = YES_ERROR;
				CLANG_WARN_RANGE_LOOP_ANALYSIS = YES;
				CLANG_WARN_STRICT_PROTOTYPES = YES;
				CLANG_WARN_SUSPICIOUS_MOVE = YES;
				CLANG_WARN_UNGUARDED_AVAILABILITY = YES_AGGRESSIVE;
				CLANG_WARN_UNREACHABLE_CODE = YES;
				CLANG_WARN__DUPLICATE_METHOD_MATCH = YES;
				CODE_SIGN_IDENTITY = "iPhone Developer";
				COPY_PHASE_STRIP = NO;
				DEBUG_INFORMATION_FORMAT = dwarf;
				ENABLE_STRICT_OBJC_MSGSEND = YES;
				ENABLE_TESTABILITY = YES;
				GCC_C_LANGUAGE_STANDARD = gnu11;
				GCC_DYNAMIC_NO_PIC = NO;
				GCC_NO_COMMON_BLOCKS = YES;
				GCC_OPTIMIZATION_LEVEL = 0;
				GCC_PREPROCESSOR_DEFINITIONS = (
					"DEBUG=1",
					"$(inherited)",
				);
				GCC_WARN_64_TO_32_BIT_CONVERSION = YES;
				GCC_WARN_ABOUT_RETURN_TYPE = YES_ERROR;
				GCC_WARN_UNDECLARED_SELECTOR = YES;
				GCC_WARN_UNINITIALIZED_AUTOS = YES_AGGRESSIVE;
				GCC_WARN_UNUSED_FUNCTION = YES;
				GCC_WARN_UNUSED_VARIABLE = YES;
				IPHONEOS_DEPLOYMENT_TARGET = 11.4;
				MTL_ENABLE_DEBUG_INFO = YES;
				ONLY_ACTIVE_ARCH = YES;
				SDKROOT = iphoneos;
				SWIFT_ACTIVE_COMPILATION_CONDITIONS = DEBUG;
				SWIFT_OPTIMIZATION_LEVEL = "-Onone";
			};
			name = Debug;
		};
		D43A253320CFDB2D00296510 /* Release */ = {
			isa = XCBuildConfiguration;
			buildSettings = {
				ALWAYS_SEARCH_USER_PATHS = NO;
				CLANG_ANALYZER_NONNULL = YES;
				CLANG_ANALYZER_NUMBER_OBJECT_CONVERSION = YES_AGGRESSIVE;
				CLANG_CXX_LANGUAGE_STANDARD = "gnu++14";
				CLANG_CXX_LIBRARY = "libc++";
				CLANG_ENABLE_MODULES = YES;
				CLANG_ENABLE_OBJC_ARC = YES;
				CLANG_ENABLE_OBJC_WEAK = YES;
				CLANG_WARN_BLOCK_CAPTURE_AUTORELEASING = YES;
				CLANG_WARN_BOOL_CONVERSION = YES;
				CLANG_WARN_COMMA = YES;
				CLANG_WARN_CONSTANT_CONVERSION = YES;
				CLANG_WARN_DEPRECATED_OBJC_IMPLEMENTATIONS = YES;
				CLANG_WARN_DIRECT_OBJC_ISA_USAGE = YES_ERROR;
				CLANG_WARN_DOCUMENTATION_COMMENTS = YES;
				CLANG_WARN_EMPTY_BODY = YES;
				CLANG_WARN_ENUM_CONVERSION = YES;
				CLANG_WARN_INFINITE_RECURSION = YES;
				CLANG_WARN_INT_CONVERSION = YES;
				CLANG_WARN_NON_LITERAL_NULL_CONVERSION = YES;
				CLANG_WARN_OBJC_IMPLICIT_RETAIN_SELF = YES;
				CLANG_WARN_OBJC_LITERAL_CONVERSION = YES;
				CLANG_WARN_OBJC_ROOT_CLASS = YES_ERROR;
				CLANG_WARN_RANGE_LOOP_ANALYSIS = YES;
				CLANG_WARN_STRICT_PROTOTYPES = YES;
				CLANG_WARN_SUSPICIOUS_MOVE = YES;
				CLANG_WARN_UNGUARDED_AVAILABILITY = YES_AGGRESSIVE;
				CLANG_WARN_UNREACHABLE_CODE = YES;
				CLANG_WARN__DUPLICATE_METHOD_MATCH = YES;
				CODE_SIGN_IDENTITY = "iPhone Developer";
				COPY_PHASE_STRIP = NO;
				DEBUG_INFORMATION_FORMAT = "dwarf-with-dsym";
				ENABLE_NS_ASSERTIONS = NO;
				ENABLE_STRICT_OBJC_MSGSEND = YES;
				GCC_C_LANGUAGE_STANDARD = gnu11;
				GCC_NO_COMMON_BLOCKS = YES;
				GCC_WARN_64_TO_32_BIT_CONVERSION = YES;
				GCC_WARN_ABOUT_RETURN_TYPE = YES_ERROR;
				GCC_WARN_UNDECLARED_SELECTOR = YES;
				GCC_WARN_UNINITIALIZED_AUTOS = YES_AGGRESSIVE;
				GCC_WARN_UNUSED_FUNCTION = YES;
				GCC_WARN_UNUSED_VARIABLE = YES;
				IPHONEOS_DEPLOYMENT_TARGET = 11.4;
				MTL_ENABLE_DEBUG_INFO = NO;
				SDKROOT = iphoneos;
				SWIFT_COMPILATION_MODE = wholemodule;
				SWIFT_OPTIMIZATION_LEVEL = "-O";
				VALIDATE_PRODUCT = YES;
			};
			name = Release;
		};
		D43A253520CFDB2D00296510 /* Debug */ = {
			isa = XCBuildConfiguration;
			buildSettings = {
				ASSETCATALOG_COMPILER_APPICON_NAME = AppIcon;
				CODE_SIGN_STYLE = Automatic;
				DEVELOPMENT_TEAM = "";
				INFOPLIST_FILE = CoreMLTutorial/Info.plist;
				LD_RUNPATH_SEARCH_PATHS = (
					"$(inherited)",
					"@executable_path/Frameworks",
				);
				PRODUCT_BUNDLE_IDENTIFIER = com.fozoglu.CoreMLTutorial;
				PRODUCT_NAME = "$(TARGET_NAME)";
				SWIFT_VERSION = 4.0;
				TARGETED_DEVICE_FAMILY = "1,2";
			};
			name = Debug;
		};
		D43A253620CFDB2D00296510 /* Release */ = {
			isa = XCBuildConfiguration;
			buildSettings = {
				ASSETCATALOG_COMPILER_APPICON_NAME = AppIcon;
				CODE_SIGN_STYLE = Automatic;
				DEVELOPMENT_TEAM = "";
				INFOPLIST_FILE = CoreMLTutorial/Info.plist;
				LD_RUNPATH_SEARCH_PATHS = (
					"$(inherited)",
					"@executable_path/Frameworks",
				);
				PRODUCT_BUNDLE_IDENTIFIER = com.fozoglu.CoreMLTutorial;
				PRODUCT_NAME = "$(TARGET_NAME)";
				SWIFT_VERSION = 4.0;
				TARGETED_DEVICE_FAMILY = "1,2";
			};
			name = Release;
		};
		D43A253820CFDB2D00296510 /* Debug */ = {
			isa = XCBuildConfiguration;
			buildSettings = {
				ALWAYS_EMBED_SWIFT_STANDARD_LIBRARIES = YES;
				BUNDLE_LOADER = "$(TEST_HOST)";
				CODE_SIGN_STYLE = Automatic;
				INFOPLIST_FILE = CoreMLTutorialTests/Info.plist;
				LD_RUNPATH_SEARCH_PATHS = (
					"$(inherited)",
					"@executable_path/Frameworks",
					"@loader_path/Frameworks",
				);
				PRODUCT_BUNDLE_IDENTIFIER = com.fozoglu.CoreMLTutorialTests;
				PRODUCT_NAME = "$(TARGET_NAME)";
				SWIFT_VERSION = 4.0;
				TARGETED_DEVICE_FAMILY = "1,2";
				TEST_HOST = "$(BUILT_PRODUCTS_DIR)/CoreMLTutorial.app/CoreMLTutorial";
			};
			name = Debug;
		};
		D43A253920CFDB2D00296510 /* Release */ = {
			isa = XCBuildConfiguration;
			buildSettings = {
				ALWAYS_EMBED_SWIFT_STANDARD_LIBRARIES = YES;
				BUNDLE_LOADER = "$(TEST_HOST)";
				CODE_SIGN_STYLE = Automatic;
				INFOPLIST_FILE = CoreMLTutorialTests/Info.plist;
				LD_RUNPATH_SEARCH_PATHS = (
					"$(inherited)",
					"@executable_path/Frameworks",
					"@loader_path/Frameworks",
				);
				PRODUCT_BUNDLE_IDENTIFIER = com.fozoglu.CoreMLTutorialTests;
				PRODUCT_NAME = "$(TARGET_NAME)";
				SWIFT_VERSION = 4.0;
				TARGETED_DEVICE_FAMILY = "1,2";
				TEST_HOST = "$(BUILT_PRODUCTS_DIR)/CoreMLTutorial.app/CoreMLTutorial";
			};
			name = Release;
		};
		D43A253B20CFDB2D00296510 /* Debug */ = {
			isa = XCBuildConfiguration;
			buildSettings = {
				ALWAYS_EMBED_SWIFT_STANDARD_LIBRARIES = YES;
				CODE_SIGN_STYLE = Automatic;
				INFOPLIST_FILE = CoreMLTutorialUITests/Info.plist;
				LD_RUNPATH_SEARCH_PATHS = (
					"$(inherited)",
					"@executable_path/Frameworks",
					"@loader_path/Frameworks",
				);
				PRODUCT_BUNDLE_IDENTIFIER = com.fozoglu.CoreMLTutorialUITests;
				PRODUCT_NAME = "$(TARGET_NAME)";
				SWIFT_VERSION = 4.0;
				TARGETED_DEVICE_FAMILY = "1,2";
				TEST_TARGET_NAME = CoreMLTutorial;
			};
			name = Debug;
		};
		D43A253C20CFDB2D00296510 /* Release */ = {
			isa = XCBuildConfiguration;
			buildSettings = {
				ALWAYS_EMBED_SWIFT_STANDARD_LIBRARIES = YES;
				CODE_SIGN_STYLE = Automatic;
				INFOPLIST_FILE = CoreMLTutorialUITests/Info.plist;
				LD_RUNPATH_SEARCH_PATHS = (
					"$(inherited)",
					"@executable_path/Frameworks",
					"@loader_path/Frameworks",
				);
				PRODUCT_BUNDLE_IDENTIFIER = com.fozoglu.CoreMLTutorialUITests;
				PRODUCT_NAME = "$(TARGET_NAME)";
				SWIFT_VERSION = 4.0;
				TARGETED_DEVICE_FAMILY = "1,2";
				TEST_TARGET_NAME = CoreMLTutorial;
			};
			name = Release;
		};
/* End XCBuildConfiguration section */

/* Begin XCConfigurationList section */
		D43A250720CFDB2C00296510 /* Build configuration list for PBXProject "CoreMLTutorial" */ = {
			isa = XCConfigurationList;
			buildConfigurations = (
				D43A253220CFDB2D00296510 /* Debug */,
				D43A253320CFDB2D00296510 /* Release */,
			);
			defaultConfigurationIsVisible = 0;
			defaultConfigurationName = Release;
		};
		D43A253420CFDB2D00296510 /* Build configuration list for PBXNativeTarget "CoreMLTutorial" */ = {
			isa = XCConfigurationList;
			buildConfigurations = (
				D43A253520CFDB2D00296510 /* Debug */,
				D43A253620CFDB2D00296510 /* Release */,
			);
			defaultConfigurationIsVisible = 0;
			defaultConfigurationName = Release;
		};
		D43A253720CFDB2D00296510 /* Build configuration list for PBXNativeTarget "CoreMLTutorialTests" */ = {
			isa = XCConfigurationList;
			buildConfigurations = (
				D43A253820CFDB2D00296510 /* Debug */,
				D43A253920CFDB2D00296510 /* Release */,
			);
			defaultConfigurationIsVisible = 0;
			defaultConfigurationName = Release;
		};
		D43A253A20CFDB2D00296510 /* Build configuration list for PBXNativeTarget "CoreMLTutorialUITests" */ = {
			isa = XCConfigurationList;
			buildConfigurations = (
				D43A253B20CFDB2D00296510 /* Debug */,
				D43A253C20CFDB2D00296510 /* Release */,
			);
			defaultConfigurationIsVisible = 0;
			defaultConfigurationName = Release;
		};
/* End XCConfigurationList section */
	};
	rootObject = D43A250420CFDB2C00296510 /* Project object */;
}
